{
  "name": "monorepo-shorthand",
  "version": "0.1.0",
  "lockfileVersion": 2,
  "requires": true,
  "packages": {
    "": {
      "version": "0.1.0",
      "license": "MIT",
      "workspaces": [
        "packages/*",
        "individual"
      ]
    },
    "individual": {
      "version": "0.1.0",
      "license": "MIT"
    },
    "node_modules/individual": {
      "resolved": "individual",
      "link": true
    },
    "node_modules/package-a": {
      "resolved": "packages/package-a",
      "link": true
    },
    "node_modules/package-b": {
      "resolved": "packages/package-b",
      "link": true
    },
    "packages/package-a": {
      "version": "0.1.0",
      "license": "MIT"
    },
    "packages/package-b": {
      "version": "0.1.0",
      "license": "MIT"
    }
  },
  "dependencies": {
    "individual": {
      "version": "file:individual"
    },
    "package-a": {
      "version": "file:packages/package-a"
    },
    "package-b": {
      "version": "file:packages/package-b"
    }
  }
}
