# This file is generated by running "yarn install" inside your project.
# Manual changes might be lost - proceed with caution!

__metadata:
  version: 8
  cacheKey: 10c0

"@types/node@npm:^20.0.0":
  version: 20.19.33
  resolution: "@types/node@npm:20.19.33"
  dependencies:
    undici-types: "npm:~6.21.0"
  checksum: 10c0/a1a6234a2b6fa577fbb1ccc471e5e54a79c6e1a51be10a67b034461b752a50017854810e943494f20b3c3c6d14df84c93757e0a2ec57aa81c830d6faeab72cf2
  languageName: node
  linkType: hard

"individual@workspace:individual":
  version: 0.0.0-use.local
  resolution: "individual@workspace:individual"
  languageName: unknown
  linkType: soft

"monorepo-basic-yarn-berry@workspace:.":
  version: 0.0.0-use.local
  resolution: "monorepo-basic-yarn-berry@workspace:."
  dependencies:
    "@types/node": "npm:^20.0.0"
    typescript: "npm:^4.0.0"
  languageName: unknown
  linkType: soft

"package-a@workspace:packages/package-a":
  version: 0.0.0-use.local
  resolution: "package-a@workspace:packages/package-a"
  dependencies:
    react: "npm:^19.0.0"
    react-dom: "npm:^19.0.0"
  languageName: unknown
  linkType: soft

"package-b@workspace:packages/package-b":
  version: 0.0.0-use.local
  resolution: "package-b@workspace:packages/package-b"
  languageName: unknown
  linkType: soft

"react-dom@npm:^19.0.0":
  version: 19.2.4
  resolution: "react-dom@npm:19.2.4"
  dependencies:
    scheduler: "npm:^0.27.0"
  peerDependencies:
    react: ^19.2.4
  checksum: 10c0/f0c63f1794dedb154136d4d0f59af00b41907f4859571c155940296808f4b94bf9c0c20633db75b5b2112ec13d8d7dd4f9bf57362ed48782f317b11d05a44f35
  languageName: node
  linkType: hard

"react@npm:^19.0.0":
  version: 19.2.4
  resolution: "react@npm:19.2.4"
  checksum: 10c0/cd2c9ff67a720799cc3b38a516009986f7fc4cb8d3e15716c6211cf098d1357ee3e348ab05ad0600042bbb0fd888530ba92e329198c92eafa0994f5213396596
  languageName: node
  linkType: hard

"scheduler@npm:^0.27.0":
  version: 0.27.0
  resolution: "scheduler@npm:0.27.0"
  checksum: 10c0/4f03048cb05a3c8fddc45813052251eca00688f413a3cee236d984a161da28db28ba71bd11e7a3dd02f7af84ab28d39fb311431d3b3772fed557945beb00c452
  languageName: node
  linkType: hard

"typescript@npm:^4.0.0":
  version: 4.9.5
  resolution: "typescript@npm:4.9.5"
  bin:
    tsc: bin/tsc
    tsserver: bin/tsserver
  checksum: 10c0/5f6cad2e728a8a063521328e612d7876e12f0d8a8390d3b3aaa452a6a65e24e9ac8ea22beb72a924fd96ea0a49ea63bb4e251fb922b12eedfb7f7a26475e5c56
  languageName: node
  linkType: hard

"typescript@patch:typescript@npm%3A^4.0.0#optional!builtin<compat/typescript>":
  version: 4.9.5
  resolution: "typescript@patch:typescript@npm%3A4.9.5#optional!builtin<compat/typescript>::version=4.9.5&hash=289587"
  bin:
    tsc: bin/tsc
    tsserver: bin/tsserver
  checksum: 10c0/e3333f887c6829dfe0ab6c1dbe0dd1e3e2aeb56c66460cb85c5440c566f900c833d370ca34eb47558c0c69e78ced4bfe09b8f4f98b6de7afed9b84b8d1dd06a1
  languageName: node
  linkType: hard

"undici-types@npm:~6.21.0":
  version: 6.21.0
  resolution: "undici-types@npm:6.21.0"
  checksum: 10c0/c01ed51829b10aa72fc3ce64b747f8e74ae9b60eafa19a7b46ef624403508a54c526ffab06a14a26b3120d055e1104d7abe7c9017e83ced038ea5cf52f8d5e04
  languageName: node
  linkType: hard
