{
  "name": "monorepo-npm",
  "version": "0.1.0",
  "lockfileVersion": 2,
  "requires": true,
  "packages": {
    "": {
      "name": "monorepo-npm",
      "version": "0.1.0",
      "license": "MIT",
      "dependencies": {
        "@microsoft/task-scheduler": "^2.7.0"
      },
      "devDependencies": {
        "typescript": "^4.0.0"
      },
      "engines": {
        "npm": "8.x"
      },
      "workspaces": {
        "packages": [
          "packages/*"
        ]
      }
    },
    "node_modules/@microsoft/task-scheduler": {
      "version": "2.7.1",
      "resolved": "https://registry.npmjs.org/@microsoft/task-scheduler/-/task-scheduler-2.7.1.tgz",
      "integrity": "sha512-xSmX7xgLTtf3LwVOW5HCEL4qrSWYCmPsVzpJ7PTBayN0KA9acScgsLYaDE6tE26N//DtDEW6mi4RteWU4XSrjA==",
      "dependencies": {
        "memory-streams": "^0.1.3",
        "p-graph": "^1.1.0"
      }
    },
    "node_modules/core-util-is": {
      "version": "1.0.3",
      "resolved": "https://registry.npmjs.org/core-util-is/-/core-util-is-1.0.3.tgz",
      "integrity": "sha512-ZQBvi1DcpJ4GDqanjucZ2Hj3wEO5pZDS89BWbkcrvdxksJorwUDDZamX9ldFkp9aw2lmBDLgkObEA4DWNJ9FYQ=="
    },
    "node_modules/inherits": {
      "version": "2.0.4",
      "resolved": "https://registry.npmjs.org/inherits/-/inherits-2.0.4.tgz",
      "integrity": "sha512-k/vGaX4/Yla3WzyMCvTQOXYeIHvqOKtnqBduzTHpzpQZzAskKMhZ2K+EnBiSM9zGSoIFeMpXKxa4dYeZIQqewQ=="
    },
    "node_modules/isarray": {
      "version": "0.0.1",
      "resolved": "https://registry.npmjs.org/isarray/-/isarray-0.0.1.tgz",
      "integrity": "sha512-D2S+3GLxWH+uhrNEcoh/fnmYeP8E8/zHl644d/jdA0g2uyXvy3sb0qxotE+ne0LtccHknQzWwZEzhak7oJ0COQ=="
    },
    "node_modules/memory-streams": {
      "version": "0.1.3",
      "resolved": "https://registry.npmjs.org/memory-streams/-/memory-streams-0.1.3.tgz",
      "integrity": "sha512-qVQ/CjkMyMInPaaRMrwWNDvf6boRZXaT/DbQeMYcCWuXPEBf1v8qChOc9OlEVQp2uOvRXa1Qu30fLmKhY6NipA==",
      "dependencies": {
        "readable-stream": "~1.0.2"
      }
    },
    "node_modules/p-graph": {
      "version": "1.1.2",
      "resolved": "https://registry.npmjs.org/p-graph/-/p-graph-1.1.2.tgz",
      "integrity": "sha512-GnEEHrOMozk0hCjXBm011oYb3zpaOolxHgqL2s7Od2niGAJKyk/4FZ2VRUAgjqqqoQnZQtwkF6fjGDJkIQTjDQ=="
    },
    "node_modules/package-a": {
      "resolved": "packages/package-a",
      "link": true
    },
    "node_modules/package-b": {
      "resolved": "packages/package-b",
      "link": true
    },
    "node_modules/readable-stream": {
      "version": "1.0.34",
      "resolved": "https://registry.npmjs.org/readable-stream/-/readable-stream-1.0.34.tgz",
      "integrity": "sha512-ok1qVCJuRkNmvebYikljxJA/UEsKwLl2nI1OmaqAu4/UE+h0wKCHok4XkL/gvi39OacXvw59RJUOFUkDib2rHg==",
      "dependencies": {
        "core-util-is": "~1.0.0",
        "inherits": "~2.0.1",
        "isarray": "0.0.1",
        "string_decoder": "~0.10.x"
      }
    },
    "node_modules/string_decoder": {
      "version": "0.10.31",
      "resolved": "https://registry.npmjs.org/string_decoder/-/string_decoder-0.10.31.tgz",
      "integrity": "sha512-ev2QzSzWPYmy9GuqfIVildA4OdcGLeFZQrq5ys6RtiuF+RQQiZWr8TZNyAcuVXyQRYfEO+MsoB/1BuQVhOJuoQ=="
    },
    "packages/package-a": {
      "version": "0.1.0",
      "license": "MIT"
    },
    "packages/package-b": {
      "version": "0.1.0",
      "license": "MIT"
    }
  },
  "dependencies": {
    "@microsoft/task-scheduler": {
      "version": "2.7.1",
      "resolved": "https://registry.npmjs.org/@microsoft/task-scheduler/-/task-scheduler-2.7.1.tgz",
      "integrity": "sha512-xSmX7xgLTtf3LwVOW5HCEL4qrSWYCmPsVzpJ7PTBayN0KA9acScgsLYaDE6tE26N//DtDEW6mi4RteWU4XSrjA==",
      "requires": {
        "memory-streams": "^0.1.3",
        "p-graph": "^1.1.0"
      }
    },
    "core-util-is": {
      "version": "1.0.3",
      "resolved": "https://registry.npmjs.org/core-util-is/-/core-util-is-1.0.3.tgz",
      "integrity": "sha512-ZQBvi1DcpJ4GDqanjucZ2Hj3wEO5pZDS89BWbkcrvdxksJorwUDDZamX9ldFkp9aw2lmBDLgkObEA4DWNJ9FYQ=="
    },
    "inherits": {
      "version": "2.0.4",
      "resolved": "https://registry.npmjs.org/inherits/-/inherits-2.0.4.tgz",
      "integrity": "sha512-k/vGaX4/Yla3WzyMCvTQOXYeIHvqOKtnqBduzTHpzpQZzAskKMhZ2K+EnBiSM9zGSoIFeMpXKxa4dYeZIQqewQ=="
    },
    "isarray": {
      "version": "0.0.1",
      "resolved": "https://registry.npmjs.org/isarray/-/isarray-0.0.1.tgz",
      "integrity": "sha512-D2S+3GLxWH+uhrNEcoh/fnmYeP8E8/zHl644d/jdA0g2uyXvy3sb0qxotE+ne0LtccHknQzWwZEzhak7oJ0COQ=="
    },
    "memory-streams": {
      "version": "0.1.3",
      "resolved": "https://registry.npmjs.org/memory-streams/-/memory-streams-0.1.3.tgz",
      "integrity": "sha512-qVQ/CjkMyMInPaaRMrwWNDvf6boRZXaT/DbQeMYcCWuXPEBf1v8qChOc9OlEVQp2uOvRXa1Qu30fLmKhY6NipA==",
      "requires": {
        "readable-stream": "~1.0.2"
      }
    },
    "p-graph": {
      "version": "1.1.2",
      "resolved": "https://registry.npmjs.org/p-graph/-/p-graph-1.1.2.tgz",
      "integrity": "sha512-GnEEHrOMozk0hCjXBm011oYb3zpaOolxHgqL2s7Od2niGAJKyk/4FZ2VRUAgjqqqoQnZQtwkF6fjGDJkIQTjDQ=="
    },
    "package-a": {
      "version": "file:packages/package-a"
    },
    "package-b": {
      "version": "file:packages/package-b"
    },
    "readable-stream": {
      "version": "1.0.34",
      "resolved": "https://registry.npmjs.org/readable-stream/-/readable-stream-1.0.34.tgz",
      "integrity": "sha512-ok1qVCJuRkNmvebYikljxJA/UEsKwLl2nI1OmaqAu4/UE+h0wKCHok4XkL/gvi39OacXvw59RJUOFUkDib2rHg==",
      "requires": {
        "core-util-is": "~1.0.0",
        "inherits": "~2.0.1",
        "isarray": "0.0.1",
        "string_decoder": "~0.10.x"
      }
    },
    "string_decoder": {
      "version": "0.10.31",
      "resolved": "https://registry.npmjs.org/string_decoder/-/string_decoder-0.10.31.tgz",
      "integrity": "sha512-ev2QzSzWPYmy9GuqfIVildA4OdcGLeFZQrq5ys6RtiuF+RQQiZWr8TZNyAcuVXyQRYfEO+MsoB/1BuQVhOJuoQ=="
    },
    "typescript": {
      "version": "4.7.4",
      "resolved": "https://registry.npmjs.org/typescript/-/typescript-4.7.4.tgz",
      "integrity": "sha512-C0WQT0gezHuw6AdY1M2jxUO83Rjf0HP7Sk1DtXj6j1EwkQNZrHAg2XPWlq62oqEhYvONq5pkC2Y9oPljWToLmQ==",
      "dev": true
    }
  }
}
