# THIS IS AN AUTOGENERATED FILE. DO NOT EDIT THIS FILE DIRECTLY.
# yarn lockfile v1


pnpm@^6.0:
  version "6.32.4"
  resolved "https://registry.yarnpkg.com/pnpm/-/pnpm-6.32.4.tgz#74d486f3563d8e4476141b43af18dd08c9291961"
  integrity sha512-rOG+VpOzs6g/MR5HWc8KTlLAx3ljdRJCMQwSg1DE/hzAaqF/Y2zIHH0u6dZw/XnRb9w1U8rOs9MJT9jMt7e+Qw==
